NeoBundleLock echodoc 5b883e6f36db14f2396be0e949f1cd44929149eb
NeoBundleLock julia-vim 7845b35020bb7d558fab9411decc6a367d4bd461
NeoBundleLock neobundle.vim dab02f0513dc7f8832cb7c191d43b84982ef34cb
NeoBundleLock neocomplete.vim 14698b37d10b8ae18a4850aa784fdd3130e4ba3e
NeoBundleLock neosnippet aa37cd0fbe97d3b43fc37b5d23ded5bec1163686
NeoBundleLock neosnippet-snippets dbce664a473e2344d2cc4e494fb5e408452646e2
NeoBundleLock open-browser.vim e2bfabfc758351ee3087d4c697d1953660d943ee
NeoBundleLock previm d2113bd2bece790edad0f1ebf222f16e780b8a74
NeoBundleLock unite.vim e1e58473ef7b8636ccc267987e21646bd7b61af6
NeoBundleLock vim-colors-solarized 528a59f26d12278698bb946f8fb82a63711eec21
NeoBundleLock vim-quickrun bb4daff0342ce3311b7f6c2fd3e2160f2be9e374
NeoBundleLock vimfiler.vim 7216090936e16e1c3449d60d384de6a4858df533
NeoBundleLock vimproc c2f6b82af60a4e7acde0e8dc4e6b6f5dc1cc8e1d
NeoBundleLock vimshell.vim d36fde6da558d4cad7a1d03a07fd5e1fcf299141
